
Microsoft Visual Studio Solution File, Format Version 12.00
# Visual Studio Version 16
VisualStudioVersion = 16.0.30114.105
MinimumVisualStudioVersion = 10.0.40219.1
Project("{888888A0-9F3D-457C-B088-3A5042F75D52}") = "Reservoir", "Reservoir.pyproj", "{16C9DB5E-A551-4430-AC28-40AABF584757}"
EndProject
Global
	GlobalSection(SolutionConfigurationPlatforms) = preSolution
		Debug|Any CPU = Debug|Any CPU
		Release|Any CPU = Release|Any CPU
	EndGlobalSection
	GlobalSection(ProjectConfigurationPlatforms) = postSolution
		{16C9DB5E-A551-4430-AC28-40AABF584757}.Debug|Any CPU.ActiveCfg = Debug|Any CPU
		{16C9DB5E-A551-4430-AC28-40AABF584757}.Release|Any CPU.ActiveCfg = Release|Any CPU
	EndGlobalSection
	GlobalSection(SolutionProperties) = preSolution
		HideSolutionNode = FALSE
	EndGlobalSection
	GlobalSection(ExtensibilityGlobals) = postSolution
		SolutionGuid = {3B6F7374-CB2F-4A57-958F-4041604BA23D}
	EndGlobalSection
EndGlobal
